// !$*UTF8*$!
{
	archiveVersion = 1;
	classes = {
	};
	objectVersion = 46;
	objects = {

/* Begin PBXBuildFile section */
		846423D6173231A800A52E51 /* DataController.m in Sources */ = {isa = PBXBuildFile; fileRef = 846423D4173231A800A52E51 /* DataController.m */; };
		8467BE1B1779B73E000624F8 /* SystemConfiguration.framework in Frameworks */ = {isa = PBXBuildFile; fileRef = 8467BE1A1779B73E000624F8 /* SystemConfiguration.framework */; };
		8467BE1D1779B749000624F8 /* MobileCoreServices.framework in Frameworks */ = {isa = PBXBuildFile; fileRef = 8467BE1C1779B749000624F8 /* MobileCoreServices.framework */; };
		849738791730C261001C5A1A /* UIKit.framework in Frameworks */ = {isa = PBXBuildFile; fileRef = 849738781730C261001C5A1A /* UIKit.framework */; };
		8497387B1730C261001C5A1A /* Foundation.framework in Frameworks */ = {isa = PBXBuildFile; fileRef = 8497387A1730C261001C5A1A /* Foundation.framework */; };
		8497387D1730C261001C5A1A /* CoreGraphics.framework in Frameworks */ = {isa = PBXBuildFile; fileRef = 8497387C1730C261001C5A1A /* CoreGraphics.framework */; };
		849738831730C261001C5A1A /* InfoPlist.strings in Resources */ = {isa = PBXBuildFile; fileRef = 849738811730C261001C5A1A /* InfoPlist.strings */; };
		849738851730C261001C5A1A /* main.m in Sources */ = {isa = PBXBuildFile; fileRef = 849738841730C261001C5A1A /* main.m */; };
		849738891730C261001C5A1A /* AppDelegate.m in Sources */ = {isa = PBXBuildFile; fileRef = 849738881730C261001C5A1A /* AppDelegate.m */; };
		8497388B1730C262001C5A1A /* Default.png in Resources */ = {isa = PBXBuildFile; fileRef = 8497388A1730C262001C5A1A /* Default.png */; };
		8497388D1730C262001C5A1A /* Default@2x.png in Resources */ = {isa = PBXBuildFile; fileRef = 8497388C1730C262001C5A1A /* Default@2x.png */; };
		8497388F1730C262001C5A1A /* Default-568h@2x.png in Resources */ = {isa = PBXBuildFile; fileRef = 8497388E1730C262001C5A1A /* Default-568h@2x.png */; };
		849738921730C262001C5A1A /* MainStoryboard_iPhone.storyboard in Resources */ = {isa = PBXBuildFile; fileRef = 849738901730C262001C5A1A /* MainStoryboard_iPhone.storyboard */; };
		849738951730C262001C5A1A /* MainStoryboard_iPad.storyboard in Resources */ = {isa = PBXBuildFile; fileRef = 849738931730C262001C5A1A /* MainStoryboard_iPad.storyboard */; };
		8497389A1730C262001C5A1A /* first.png in Resources */ = {isa = PBXBuildFile; fileRef = 849738991730C262001C5A1A /* first.png */; };
		8497389C1730C262001C5A1A /* first@2x.png in Resources */ = {isa = PBXBuildFile; fileRef = 8497389B1730C262001C5A1A /* first@2x.png */; };
		849738A11730C262001C5A1A /* second.png in Resources */ = {isa = PBXBuildFile; fileRef = 849738A01730C262001C5A1A /* second.png */; };
		849738A31730C262001C5A1A /* second@2x.png in Resources */ = {isa = PBXBuildFile; fileRef = 849738A21730C262001C5A1A /* second@2x.png */; };
		849738AC1730C66A001C5A1A /* SymptomViewController.m in Sources */ = {isa = PBXBuildFile; fileRef = 849738AB1730C66A001C5A1A /* SymptomViewController.m */; };
		849738B31730C82B001C5A1A /* SearchViewController.m in Sources */ = {isa = PBXBuildFile; fileRef = 849738B21730C82B001C5A1A /* SearchViewController.m */; };
		849738B61730C87F001C5A1A /* ResultsViewController.m in Sources */ = {isa = PBXBuildFile; fileRef = 849738B51730C87F001C5A1A /* ResultsViewController.m */; };
		849738B91730C8D0001C5A1A /* DetailViewController.m in Sources */ = {isa = PBXBuildFile; fileRef = 849738B81730C8D0001C5A1A /* DetailViewController.m */; };
		F0947C9F2F114CCF91A93BB5 /* libPods.a in Frameworks */ = {isa = PBXBuildFile; fileRef = 9AA6C6313F6F470B965E44C1 /* libPods.a */; };
/* End PBXBuildFile section */

/* Begin PBXFileReference section */
		171ECB88AAA44A73802E980D /* Pods.xcconfig */ = {isa = PBXFileReference; includeInIndex = 1; lastKnownFileType = text.xcconfig; name = Pods.xcconfig; path = Pods/Pods.xcconfig; sourceTree = SOURCE_ROOT; };
		846423D4173231A800A52E51 /* DataController.m */ = {isa = PBXFileReference; fileEncoding = 4; lastKnownFileType = sourcecode.c.objc; name = DataController.m; path = Source/DataController.m; sourceTree = "<group>"; };
		846423D5173231A800A52E51 /* DataController.h */ = {isa = PBXFileReference; fileEncoding = 4; lastKnownFileType = sourcecode.c.h; name = DataController.h; path = Source/DataController.h; sourceTree = "<group>"; };
		8467BE1A1779B73E000624F8 /* SystemConfiguration.framework */ = {isa = PBXFileReference; lastKnownFileType = wrapper.framework; name = SystemConfiguration.framework; path = System/Library/Frameworks/SystemConfiguration.framework; sourceTree = SDKROOT; };
		8467BE1C1779B749000624F8 /* MobileCoreServices.framework */ = {isa = PBXFileReference; lastKnownFileType = wrapper.framework; name = MobileCoreServices.framework; path = System/Library/Frameworks/MobileCoreServices.framework; sourceTree = SDKROOT; };
		849738751730C261001C5A1A /* Symptomm.app */ = {isa = PBXFileReference; explicitFileType = wrapper.application; includeInIndex = 0; path = Symptomm.app; sourceTree = BUILT_PRODUCTS_DIR; };
		849738781730C261001C5A1A /* UIKit.framework */ = {isa = PBXFileReference; lastKnownFileType = wrapper.framework; name = UIKit.framework; path = System/Library/Frameworks/UIKit.framework; sourceTree = SDKROOT; };
		8497387A1730C261001C5A1A /* Foundation.framework */ = {isa = PBXFileReference; lastKnownFileType = wrapper.framework; name = Foundation.framework; path = System/Library/Frameworks/Foundation.framework; sourceTree = SDKROOT; };
		8497387C1730C261001C5A1A /* CoreGraphics.framework */ = {isa = PBXFileReference; lastKnownFileType = wrapper.framework; name = CoreGraphics.framework; path = System/Library/Frameworks/CoreGraphics.framework; sourceTree = SDKROOT; };
		849738801730C261001C5A1A /* Symptomm-Info.plist */ = {isa = PBXFileReference; lastKnownFileType = text.plist.xml; path = "Symptomm-Info.plist"; sourceTree = "<group>"; };
		849738821730C261001C5A1A /* en */ = {isa = PBXFileReference; lastKnownFileType = text.plist.strings; name = en; path = en.lproj/InfoPlist.strings; sourceTree = "<group>"; };
		849738841730C261001C5A1A /* main.m */ = {isa = PBXFileReference; lastKnownFileType = sourcecode.c.objc; path = main.m; sourceTree = "<group>"; };
		849738861730C261001C5A1A /* Symptomm-Prefix.pch */ = {isa = PBXFileReference; lastKnownFileType = sourcecode.c.h; path = "Symptomm-Prefix.pch"; sourceTree = "<group>"; };
		849738871730C261001C5A1A /* AppDelegate.h */ = {isa = PBXFileReference; lastKnownFileType = sourcecode.c.h; path = AppDelegate.h; sourceTree = "<group>"; };
		849738881730C261001C5A1A /* AppDelegate.m */ = {isa = PBXFileReference; lastKnownFileType = sourcecode.c.objc; path = AppDelegate.m; sourceTree = "<group>"; };
		8497388A1730C262001C5A1A /* Default.png */ = {isa = PBXFileReference; lastKnownFileType = image.png; path = Default.png; sourceTree = "<group>"; };
		8497388C1730C262001C5A1A /* Default@2x.png */ = {isa = PBXFileReference; lastKnownFileType = image.png; path = "Default@2x.png"; sourceTree = "<group>"; };
		8497388E1730C262001C5A1A /* Default-568h@2x.png */ = {isa = PBXFileReference; lastKnownFileType = image.png; path = "Default-568h@2x.png"; sourceTree = "<group>"; };
		849738911730C262001C5A1A /* en */ = {isa = PBXFileReference; lastKnownFileType = file.storyboard; name = en; path = en.lproj/MainStoryboard_iPhone.storyboard; sourceTree = "<group>"; };
		849738941730C262001C5A1A /* en */ = {isa = PBXFileReference; lastKnownFileType = file.storyboard; name = en; path = en.lproj/MainStoryboard_iPad.storyboard; sourceTree = "<group>"; };
		849738991730C262001C5A1A /* first.png */ = {isa = PBXFileReference; lastKnownFileType = image.png; path = first.png; sourceTree = "<group>"; };
		8497389B1730C262001C5A1A /* first@2x.png */ = {isa = PBXFileReference; lastKnownFileType = image.png; path = "first@2x.png"; sourceTree = "<group>"; };
		849738A01730C262001C5A1A /* second.png */ = {isa = PBXFileReference; lastKnownFileType = image.png; path = second.png; sourceTree = "<group>"; };
		849738A21730C262001C5A1A /* second@2x.png */ = {isa = PBXFileReference; lastKnownFileType = image.png; path = "second@2x.png"; sourceTree = "<group>"; };
		849738AA1730C66A001C5A1A /* SymptomViewController.h */ = {isa = PBXFileReference; fileEncoding = 4; lastKnownFileType = sourcecode.c.h; name = SymptomViewController.h; path = Source/SymptomViewController.h; sourceTree = "<group>"; };
		849738AB1730C66A001C5A1A /* SymptomViewController.m */ = {isa = PBXFileReference; fileEncoding = 4; lastKnownFileType = sourcecode.c.objc; name = SymptomViewController.m; path = Source/SymptomViewController.m; sourceTree = "<group>"; };
		849738B11730C82B001C5A1A /* SearchViewController.h */ = {isa = PBXFileReference; fileEncoding = 4; lastKnownFileType = sourcecode.c.h; name = SearchViewController.h; path = Source/SearchViewController.h; sourceTree = "<group>"; };
		849738B21730C82B001C5A1A /* SearchViewController.m */ = {isa = PBXFileReference; fileEncoding = 4; lastKnownFileType = sourcecode.c.objc; name = SearchViewController.m; path = Source/SearchViewController.m; sourceTree = "<group>"; };
		849738B41730C87F001C5A1A /* ResultsViewController.h */ = {isa = PBXFileReference; fileEncoding = 4; lastKnownFileType = sourcecode.c.h; name = ResultsViewController.h; path = Source/ResultsViewController.h; sourceTree = "<group>"; };
		849738B51730C87F001C5A1A /* ResultsViewController.m */ = {isa = PBXFileReference; fileEncoding = 4; lastKnownFileType = sourcecode.c.objc; name = ResultsViewController.m; path = Source/ResultsViewController.m; sourceTree = "<group>"; };
		849738B71730C8D0001C5A1A /* DetailViewController.h */ = {isa = PBXFileReference; fileEncoding = 4; lastKnownFileType = sourcecode.c.h; path = DetailViewController.h; sourceTree = "<group>"; };
		849738B81730C8D0001C5A1A /* DetailViewController.m */ = {isa = PBXFileReference; fileEncoding = 4; lastKnownFileType = sourcecode.c.objc; path = DetailViewController.m; sourceTree = "<group>"; };
		9AA6C6313F6F470B965E44C1 /* libPods.a */ = {isa = PBXFileReference; explicitFileType = archive.ar; includeInIndex = 0; path = libPods.a; sourceTree = BUILT_PRODUCTS_DIR; };
/* End PBXFileReference section */

/* Begin PBXFrameworksBuildPhase section */
		849738721730C261001C5A1A /* Frameworks */ = {
			isa = PBXFrameworksBuildPhase;
			buildActionMask = 2147483647;
			files = (
				8467BE1D1779B749000624F8 /* MobileCoreServices.framework in Frameworks */,
				8467BE1B1779B73E000624F8 /* SystemConfiguration.framework in Frameworks */,
				849738791730C261001C5A1A /* UIKit.framework in Frameworks */,
				8497387B1730C261001C5A1A /* Foundation.framework in Frameworks */,
				8497387D1730C261001C5A1A /* CoreGraphics.framework in Frameworks */,
				F0947C9F2F114CCF91A93BB5 /* libPods.a in Frameworks */,
			);
			runOnlyForDeploymentPostprocessing = 0;
		};
/* End PBXFrameworksBuildPhase section */

/* Begin PBXGroup section */
		8497386C1730C261001C5A1A = {
			isa = PBXGroup;
			children = (
				8497387E1730C261001C5A1A /* Symptomm */,
				849738771730C261001C5A1A /* Frameworks */,
				849738761730C261001C5A1A /* Products */,
				171ECB88AAA44A73802E980D /* Pods.xcconfig */,
			);
			sourceTree = "<group>";
		};
		849738761730C261001C5A1A /* Products */ = {
			isa = PBXGroup;
			children = (
				849738751730C261001C5A1A /* Symptomm.app */,
			);
			name = Products;
			sourceTree = "<group>";
		};
		849738771730C261001C5A1A /* Frameworks */ = {
			isa = PBXGroup;
			children = (
				8467BE1C1779B749000624F8 /* MobileCoreServices.framework */,
				8467BE1A1779B73E000624F8 /* SystemConfiguration.framework */,
				849738781730C261001C5A1A /* UIKit.framework */,
				8497387A1730C261001C5A1A /* Foundation.framework */,
				8497387C1730C261001C5A1A /* CoreGraphics.framework */,
				9AA6C6313F6F470B965E44C1 /* libPods.a */,
			);
			name = Frameworks;
			sourceTree = "<group>";
		};
		8497387E1730C261001C5A1A /* Symptomm */ = {
			isa = PBXGroup;
			children = (
				849738871730C261001C5A1A /* AppDelegate.h */,
				849738881730C261001C5A1A /* AppDelegate.m */,
				846423D5173231A800A52E51 /* DataController.h */,
				846423D4173231A800A52E51 /* DataController.m */,
				849738AD1730C66E001C5A1A /* View Controllers */,
				849738901730C262001C5A1A /* MainStoryboard_iPhone.storyboard */,
				849738931730C262001C5A1A /* MainStoryboard_iPad.storyboard */,
				849738A91730C30C001C5A1A /* Images */,
				8497387F1730C261001C5A1A /* Supporting Files */,
			);
			path = Symptomm;
			sourceTree = "<group>";
		};
		8497387F1730C261001C5A1A /* Supporting Files */ = {
			isa = PBXGroup;
			children = (
				849738801730C261001C5A1A /* Symptomm-Info.plist */,
				849738811730C261001C5A1A /* InfoPlist.strings */,
				849738841730C261001C5A1A /* main.m */,
				849738861730C261001C5A1A /* Symptomm-Prefix.pch */,
				8497388A1730C262001C5A1A /* Default.png */,
				8497388C1730C262001C5A1A /* Default@2x.png */,
				8497388E1730C262001C5A1A /* Default-568h@2x.png */,
			);
			name = "Supporting Files";
			sourceTree = "<group>";
		};
		849738A91730C30C001C5A1A /* Images */ = {
			isa = PBXGroup;
			children = (
				849738991730C262001C5A1A /* first.png */,
				8497389B1730C262001C5A1A /* first@2x.png */,
				849738A01730C262001C5A1A /* second.png */,
				849738A21730C262001C5A1A /* second@2x.png */,
			);
			name = Images;
			sourceTree = "<group>";
		};
		849738AD1730C66E001C5A1A /* View Controllers */ = {
			isa = PBXGroup;
			children = (
				849738B71730C8D0001C5A1A /* DetailViewController.h */,
				849738B81730C8D0001C5A1A /* DetailViewController.m */,
				849738AA1730C66A001C5A1A /* SymptomViewController.h */,
				849738AB1730C66A001C5A1A /* SymptomViewController.m */,
				849738B11730C82B001C5A1A /* SearchViewController.h */,
				849738B21730C82B001C5A1A /* SearchViewController.m */,
				849738B41730C87F001C5A1A /* ResultsViewController.h */,
				849738B51730C87F001C5A1A /* ResultsViewController.m */,
			);
			name = "View Controllers";
			sourceTree = "<group>";
		};
/* End PBXGroup section */

/* Begin PBXNativeTarget section */
		849738741730C261001C5A1A /* Symptomm */ = {
			isa = PBXNativeTarget;
			buildConfigurationList = 849738A61730C262001C5A1A /* Build configuration list for PBXNativeTarget "Symptomm" */;
			buildPhases = (
				51CDD88029EC4BBCA42E7113 /* Check Pods Manifest.lock */,
				849738711730C261001C5A1A /* Sources */,
				849738721730C261001C5A1A /* Frameworks */,
				849738731730C261001C5A1A /* Resources */,
				032F465FEF854143A8C6DC10 /* Copy Pods Resources */,
			);
			buildRules = (
			);
			dependencies = (
			);
			name = Symptomm;
			productName = Symptomm;
			productReference = 849738751730C261001C5A1A /* Symptomm.app */;
			productType = "com.apple.product-type.application";
		};
/* End PBXNativeTarget section */

/* Begin PBXProject section */
		8497386D1730C261001C5A1A /* Project object */ = {
			isa = PBXProject;
			attributes = {
				LastUpgradeCheck = 0460;
				ORGANIZATIONNAME = "Harrison Sweeney";
			};
			buildConfigurationList = 849738701730C261001C5A1A /* Build configuration list for PBXProject "Symptomm" */;
			compatibilityVersion = "Xcode 3.2";
			developmentRegion = English;
			hasScannedForEncodings = 0;
			knownRegions = (
				en,
			);
			mainGroup = 8497386C1730C261001C5A1A;
			productRefGroup = 849738761730C261001C5A1A /* Products */;
			projectDirPath = "";
			projectRoot = "";
			targets = (
				849738741730C261001C5A1A /* Symptomm */,
			);
		};
/* End PBXProject section */

/* Begin PBXResourcesBuildPhase section */
		849738731730C261001C5A1A /* Resources */ = {
			isa = PBXResourcesBuildPhase;
			buildActionMask = 2147483647;
			files = (
				849738831730C261001C5A1A /* InfoPlist.strings in Resources */,
				8497388B1730C262001C5A1A /* Default.png in Resources */,
				8497388D1730C262001C5A1A /* Default@2x.png in Resources */,
				8497388F1730C262001C5A1A /* Default-568h@2x.png in Resources */,
				849738921730C262001C5A1A /* MainStoryboard_iPhone.storyboard in Resources */,
				849738951730C262001C5A1A /* MainStoryboard_iPad.storyboard in Resources */,
				8497389A1730C262001C5A1A /* first.png in Resources */,
				8497389C1730C262001C5A1A /* first@2x.png in Resources */,
				849738A11730C262001C5A1A /* second.png in Resources */,
				849738A31730C262001C5A1A /* second@2x.png in Resources */,
			);
			runOnlyForDeploymentPostprocessing = 0;
		};
/* End PBXResourcesBuildPhase section */

/* Begin PBXShellScriptBuildPhase section */
		032F465FEF854143A8C6DC10 /* Copy Pods Resources */ = {
			isa = PBXShellScriptBuildPhase;
			buildActionMask = 2147483647;
			files = (
			);
			inputPaths = (
			);
			name = "Copy Pods Resources";
			outputPaths = (
			);
			runOnlyForDeploymentPostprocessing = 0;
			shellPath = /bin/sh;
			shellScript = "\"${SRCROOT}/Pods/Pods-resources.sh\"\n";
		};
		51CDD88029EC4BBCA42E7113 /* Check Pods Manifest.lock */ = {
			isa = PBXShellScriptBuildPhase;
			buildActionMask = 2147483647;
			files = (
			);
			inputPaths = (
			);
			name = "Check Pods Manifest.lock";
			outputPaths = (
			);
			runOnlyForDeploymentPostprocessing = 0;
			shellPath = /bin/sh;
			shellScript = "diff \"${PODS_ROOT}/../Podfile.lock\" \"${PODS_ROOT}/Manifest.lock\" > /dev/null\nif [[ $? != 0 ]] ; then\n    cat << EOM\nerror: The sandbox is not in sync with the Podfile.lock. Run 'pod install' or update your CocoaPods installation.\nEOM\n    exit 1\nfi\n";
		};
/* End PBXShellScriptBuildPhase section */

/* Begin PBXSourcesBuildPhase section */
		849738711730C261001C5A1A /* Sources */ = {
			isa = PBXSourcesBuildPhase;
			buildActionMask = 2147483647;
			files = (
				849738851730C261001C5A1A /* main.m in Sources */,
				849738891730C261001C5A1A /* AppDelegate.m in Sources */,
				849738AC1730C66A001C5A1A /* SymptomViewController.m in Sources */,
				849738B31730C82B001C5A1A /* SearchViewController.m in Sources */,
				849738B61730C87F001C5A1A /* ResultsViewController.m in Sources */,
				849738B91730C8D0001C5A1A /* DetailViewController.m in Sources */,
				846423D6173231A800A52E51 /* DataController.m in Sources */,
			);
			runOnlyForDeploymentPostprocessing = 0;
		};
/* End PBXSourcesBuildPhase section */

/* Begin PBXVariantGroup section */
		849738811730C261001C5A1A /* InfoPlist.strings */ = {
			isa = PBXVariantGroup;
			children = (
				849738821730C261001C5A1A /* en */,
			);
			name = InfoPlist.strings;
			sourceTree = "<group>";
		};
		849738901730C262001C5A1A /* MainStoryboard_iPhone.storyboard */ = {
			isa = PBXVariantGroup;
			children = (
				849738911730C262001C5A1A /* en */,
			);
			name = MainStoryboard_iPhone.storyboard;
			sourceTree = "<group>";
		};
		849738931730C262001C5A1A /* MainStoryboard_iPad.storyboard */ = {
			isa = PBXVariantGroup;
			children = (
				849738941730C262001C5A1A /* en */,
			);
			name = MainStoryboard_iPad.storyboard;
			sourceTree = "<group>";
		};
/* End PBXVariantGroup section */

/* Begin XCBuildConfiguration section */
		849738A41730C262001C5A1A /* Debug */ = {
			isa = XCBuildConfiguration;
			buildSettings = {
				ALWAYS_SEARCH_USER_PATHS = NO;
				CLANG_CXX_LANGUAGE_STANDARD = "gnu++0x";
				CLANG_CXX_LIBRARY = "libc++";
				CLANG_ENABLE_OBJC_ARC = YES;
				CLANG_WARN_CONSTANT_CONVERSION = YES;
				CLANG_WARN_EMPTY_BODY = YES;
				CLANG_WARN_ENUM_CONVERSION = YES;
				CLANG_WARN_INT_CONVERSION = YES;
				CLANG_WARN__DUPLICATE_METHOD_MATCH = YES;
				"CODE_SIGN_IDENTITY[sdk=iphoneos*]" = "iPhone Developer";
				COPY_PHASE_STRIP = NO;
				GCC_C_LANGUAGE_STANDARD = gnu99;
				GCC_DYNAMIC_NO_PIC = NO;
				GCC_OPTIMIZATION_LEVEL = 0;
				GCC_PREPROCESSOR_DEFINITIONS = (
					"DEBUG=1",
					"$(inherited)",
				);
				GCC_SYMBOLS_PRIVATE_EXTERN = NO;
				GCC_WARN_ABOUT_RETURN_TYPE = YES;
				GCC_WARN_UNINITIALIZED_AUTOS = YES;
				GCC_WARN_UNUSED_VARIABLE = YES;
				IPHONEOS_DEPLOYMENT_TARGET = 6.1;
				ONLY_ACTIVE_ARCH = YES;
				SDKROOT = iphoneos;
				TARGETED_DEVICE_FAMILY = "1,2";
			};
			name = Debug;
		};
		849738A51730C262001C5A1A /* Release */ = {
			isa = XCBuildConfiguration;
			buildSettings = {
				ALWAYS_SEARCH_USER_PATHS = NO;
				CLANG_CXX_LANGUAGE_STANDARD = "gnu++0x";
				CLANG_CXX_LIBRARY = "libc++";
				CLANG_ENABLE_OBJC_ARC = YES;
				CLANG_WARN_CONSTANT_CONVERSION = YES;
				CLANG_WARN_EMPTY_BODY = YES;
				CLANG_WARN_ENUM_CONVERSION = YES;
				CLANG_WARN_INT_CONVERSION = YES;
				CLANG_WARN__DUPLICATE_METHOD_MATCH = YES;
				"CODE_SIGN_IDENTITY[sdk=iphoneos*]" = "iPhone Developer";
				COPY_PHASE_STRIP = YES;
				GCC_C_LANGUAGE_STANDARD = gnu99;
				GCC_WARN_ABOUT_RETURN_TYPE = YES;
				GCC_WARN_UNINITIALIZED_AUTOS = YES;
				GCC_WARN_UNUSED_VARIABLE = YES;
				IPHONEOS_DEPLOYMENT_TARGET = 6.1;
				OTHER_CFLAGS = "-DNS_BLOCK_ASSERTIONS=1";
				SDKROOT = iphoneos;
				TARGETED_DEVICE_FAMILY = "1,2";
				VALIDATE_PRODUCT = YES;
			};
			name = Release;
		};
		849738A71730C262001C5A1A /* Debug */ = {
			isa = XCBuildConfiguration;
			baseConfigurationReference = 171ECB88AAA44A73802E980D /* Pods.xcconfig */;
			buildSettings = {
				GCC_PRECOMPILE_PREFIX_HEADER = YES;
				GCC_PREFIX_HEADER = "Symptomm/Symptomm-Prefix.pch";
				INFOPLIST_FILE = "Symptomm/Symptomm-Info.plist";
				PRODUCT_NAME = "$(TARGET_NAME)";
				WRAPPER_EXTENSION = app;
			};
			name = Debug;
		};
		849738A81730C262001C5A1A /* Release */ = {
			isa = XCBuildConfiguration;
			baseConfigurationReference = 171ECB88AAA44A73802E980D /* Pods.xcconfig */;
			buildSettings = {
				GCC_PRECOMPILE_PREFIX_HEADER = YES;
				GCC_PREFIX_HEADER = "Symptomm/Symptomm-Prefix.pch";
				INFOPLIST_FILE = "Symptomm/Symptomm-Info.plist";
				PRODUCT_NAME = "$(TARGET_NAME)";
				WRAPPER_EXTENSION = app;
			};
			name = Release;
		};
/* End XCBuildConfiguration section */

/* Begin XCConfigurationList section */
		849738701730C261001C5A1A /* Build configuration list for PBXProject "Symptomm" */ = {
			isa = XCConfigurationList;
			buildConfigurations = (
				849738A41730C262001C5A1A /* Debug */,
				849738A51730C262001C5A1A /* Release */,
			);
			defaultConfigurationIsVisible = 0;
			defaultConfigurationName = Release;
		};
		849738A61730C262001C5A1A /* Build configuration list for PBXNativeTarget "Symptomm" */ = {
			isa = XCConfigurationList;
			buildConfigurations = (
				849738A71730C262001C5A1A /* Debug */,
				849738A81730C262001C5A1A /* Release */,
			);
			defaultConfigurationIsVisible = 0;
			defaultConfigurationName = Release;
		};
/* End XCConfigurationList section */
	};
	rootObject = 8497386D1730C261001C5A1A /* Project object */;
}
